// !$*UTF8*$!
{
	archiveVersion = 1;
	classes = {
	};
	objectVersion = 48;
	objects = {

/* Begin PBXBuildFile section */
		30092600213524F40094AD70 /* NextViewController.swift in Sources */ = {isa = PBXBuildFile; fileRef = 300925FF213524F40094AD70 /* NextViewController.swift */; };
		30F1CD63213506D000CCD6D2 /* AppDelegate.swift in Sources */ = {isa = PBXBuildFile; fileRef = 30F1CD62213506D000CCD6D2 /* AppDelegate.swift */; };
		30F1CD65213506D000CCD6D2 /* ViewController.swift in Sources */ = {isa = PBXBuildFile; fileRef = 30F1CD64213506D000CCD6D2 /* ViewController.swift */; };
		30F1CD68213506D000CCD6D2 /* Main.storyboard in Resources */ = {isa = PBXBuildFile; fileRef = 30F1CD66213506D000CCD6D2 /* Main.storyboard */; };
		30F1CD6A213506D000CCD6D2 /* Assets.xcassets in Resources */ = {isa = PBXBuildFile; fileRef = 30F1CD69213506D000CCD6D2 /* Assets.xcassets */; };
		30F1CD6D213506D000CCD6D2 /* LaunchScreen.storyboard in Resources */ = {isa = PBXBuildFile; fileRef = 30F1CD6B213506D000CCD6D2 /* LaunchScreen.storyboard */; };
		30F1CD812135151F00CCD6D2 /* SideMenuViewController.swift in Sources */ = {isa = PBXBuildFile; fileRef = 30F1CD802135151F00CCD6D2 /* SideMenuViewController.swift */; };
		A961CC10A17517446AA7B21F /* Pods_SideMenuDemo.framework in Frameworks */ = {isa = PBXBuildFile; fileRef = 2EFBE51E149FF01E4EB2FC9C /* Pods_SideMenuDemo.framework */; };
/* End PBXBuildFile section */

/* Begin PBXFileReference section */
		2EFBE51E149FF01E4EB2FC9C /* Pods_SideMenuDemo.framework */ = {isa = PBXFileReference; explicitFileType = wrapper.framework; includeInIndex = 0; path = Pods_SideMenuDemo.framework; sourceTree = BUILT_PRODUCTS_DIR; };
		300925FF213524F40094AD70 /* NextViewController.swift */ = {isa = PBXFileReference; lastKnownFileType = sourcecode.swift; path = NextViewController.swift; sourceTree = "<group>"; };
		30F1CD5F213506CF00CCD6D2 /* SideMenuDemo.app */ = {isa = PBXFileReference; explicitFileType = wrapper.application; includeInIndex = 0; path = SideMenuDemo.app; sourceTree = BUILT_PRODUCTS_DIR; };
		30F1CD62213506D000CCD6D2 /* AppDelegate.swift */ = {isa = PBXFileReference; lastKnownFileType = sourcecode.swift; path = AppDelegate.swift; sourceTree = "<group>"; };
		30F1CD64213506D000CCD6D2 /* ViewController.swift */ = {isa = PBXFileReference; lastKnownFileType = sourcecode.swift; path = ViewController.swift; sourceTree = "<group>"; };
		30F1CD67213506D000CCD6D2 /* Base */ = {isa = PBXFileReference; lastKnownFileType = file.storyboard; name = Base; path = Base.lproj/Main.storyboard; sourceTree = "<group>"; };
		30F1CD69213506D000CCD6D2 /* Assets.xcassets */ = {isa = PBXFileReference; lastKnownFileType = folder.assetcatalog; path = Assets.xcassets; sourceTree = "<group>"; };
		30F1CD6C213506D000CCD6D2 /* Base */ = {isa = PBXFileReference; lastKnownFileType = file.storyboard; name = Base; path = Base.lproj/LaunchScreen.storyboard; sourceTree = "<group>"; };
		30F1CD6E213506D000CCD6D2 /* Info.plist */ = {isa = PBXFileReference; lastKnownFileType = text.plist.xml; path = Info.plist; sourceTree = "<group>"; };
		30F1CD802135151F00CCD6D2 /* SideMenuViewController.swift */ = {isa = PBXFileReference; lastKnownFileType = sourcecode.swift; path = SideMenuViewController.swift; sourceTree = "<group>"; };
		5BAE3D8E547672C69C819795 /* Pods-SideMenuDemo.debug.xcconfig */ = {isa = PBXFileReference; includeInIndex = 1; lastKnownFileType = text.xcconfig; name = "Pods-SideMenuDemo.debug.xcconfig"; path = "Pods/Target Support Files/Pods-SideMenuDemo/Pods-SideMenuDemo.debug.xcconfig"; sourceTree = "<group>"; };
		747F8297DFE5DCC594F89B21 /* Pods-SideMenuDemo.release.xcconfig */ = {isa = PBXFileReference; includeInIndex = 1; lastKnownFileType = text.xcconfig; name = "Pods-SideMenuDemo.release.xcconfig"; path = "Pods/Target Support Files/Pods-SideMenuDemo/Pods-SideMenuDemo.release.xcconfig"; sourceTree = "<group>"; };
/* End PBXFileReference section */

/* Begin PBXFrameworksBuildPhase section */
		30F1CD5C213506CE00CCD6D2 /* Frameworks */ = {
			isa = PBXFrameworksBuildPhase;
			buildActionMask = 2147483647;
			files = (
				A961CC10A17517446AA7B21F /* Pods_SideMenuDemo.framework in Frameworks */,
			);
			runOnlyForDeploymentPostprocessing = 0;
		};
/* End PBXFrameworksBuildPhase section */

/* Begin PBXGroup section */
		30F1CD56213506CE00CCD6D2 = {
			isa = PBXGroup;
			children = (
				30F1CD61213506D000CCD6D2 /* SideMenuDemo */,
				30F1CD60213506CF00CCD6D2 /* Products */,
				9C755B632CFADF4DC028E82D /* Pods */,
				3C6E5008A3F85BE0F9802E39 /* Frameworks */,
			);
			sourceTree = "<group>";
		};
		30F1CD60213506CF00CCD6D2 /* Products */ = {
			isa = PBXGroup;
			children = (
				30F1CD5F213506CF00CCD6D2 /* SideMenuDemo.app */,
			);
			name = Products;
			sourceTree = "<group>";
		};
		30F1CD61213506D000CCD6D2 /* SideMenuDemo */ = {
			isa = PBXGroup;
			children = (
				30F1CD62213506D000CCD6D2 /* AppDelegate.swift */,
				30F1CD64213506D000CCD6D2 /* ViewController.swift */,
				30F1CD802135151F00CCD6D2 /* SideMenuViewController.swift */,
				300925FF213524F40094AD70 /* NextViewController.swift */,
				30F1CD66213506D000CCD6D2 /* Main.storyboard */,
				30F1CD69213506D000CCD6D2 /* Assets.xcassets */,
				30F1CD6B213506D000CCD6D2 /* LaunchScreen.storyboard */,
				30F1CD6E213506D000CCD6D2 /* Info.plist */,
			);
			path = SideMenuDemo;
			sourceTree = "<group>";
		};
		3C6E5008A3F85BE0F9802E39 /* Frameworks */ = {
			isa = PBXGroup;
			children = (
				2EFBE51E149FF01E4EB2FC9C /* Pods_SideMenuDemo.framework */,
			);
			name = Frameworks;
			sourceTree = "<group>";
		};
		9C755B632CFADF4DC028E82D /* Pods */ = {
			isa = PBXGroup;
			children = (
				5BAE3D8E547672C69C819795 /* Pods-SideMenuDemo.debug.xcconfig */,
				747F8297DFE5DCC594F89B21 /* Pods-SideMenuDemo.release.xcconfig */,
			);
			name = Pods;
			sourceTree = "<group>";
		};
/* End PBXGroup section */

/* Begin PBXNativeTarget section */
		30F1CD5E213506CE00CCD6D2 /* SideMenuDemo */ = {
			isa = PBXNativeTarget;
			buildConfigurationList = 30F1CD71213506D000CCD6D2 /* Build configuration list for PBXNativeTarget "SideMenuDemo" */;
			buildPhases = (
				249930635C5DB7B48B130485 /* [CP] Check Pods Manifest.lock */,
				30F1CD5B213506CE00CCD6D2 /* Sources */,
				30F1CD5C213506CE00CCD6D2 /* Frameworks */,
				30F1CD5D213506CE00CCD6D2 /* Resources */,
				816FE558CD35E3A1A228FDB9 /* [CP] Embed Pods Frameworks */,
				339EFB684E346992C50F4906 /* [CP] Copy Pods Resources */,
			);
			buildRules = (
			);
			dependencies = (
			);
			name = SideMenuDemo;
			productName = SideMenuDemo;
			productReference = 30F1CD5F213506CF00CCD6D2 /* SideMenuDemo.app */;
			productType = "com.apple.product-type.application";
		};
/* End PBXNativeTarget section */

/* Begin PBXProject section */
		30F1CD57213506CE00CCD6D2 /* Project object */ = {
			isa = PBXProject;
			attributes = {
				LastSwiftUpdateCheck = 0920;
				LastUpgradeCheck = 0920;
				ORGANIZATIONNAME = "Hardip Kalola";
				TargetAttributes = {
					30F1CD5E213506CE00CCD6D2 = {
						CreatedOnToolsVersion = 9.2;
						ProvisioningStyle = Automatic;
					};
				};
			};
			buildConfigurationList = 30F1CD5A213506CE00CCD6D2 /* Build configuration list for PBXProject "SideMenuDemo" */;
			compatibilityVersion = "Xcode 8.0";
			developmentRegion = en;
			hasScannedForEncodings = 0;
			knownRegions = (
				en,
				Base,
			);
			mainGroup = 30F1CD56213506CE00CCD6D2;
			productRefGroup = 30F1CD60213506CF00CCD6D2 /* Products */;
			projectDirPath = "";
			projectRoot = "";
			targets = (
				30F1CD5E213506CE00CCD6D2 /* SideMenuDemo */,
			);
		};
/* End PBXProject section */

/* Begin PBXResourcesBuildPhase section */
		30F1CD5D213506CE00CCD6D2 /* Resources */ = {
			isa = PBXResourcesBuildPhase;
			buildActionMask = 2147483647;
			files = (
				30F1CD6D213506D000CCD6D2 /* LaunchScreen.storyboard in Resources */,
				30F1CD6A213506D000CCD6D2 /* Assets.xcassets in Resources */,
				30F1CD68213506D000CCD6D2 /* Main.storyboard in Resources */,
			);
			runOnlyForDeploymentPostprocessing = 0;
		};
/* End PBXResourcesBuildPhase section */

/* Begin PBXShellScriptBuildPhase section */
		249930635C5DB7B48B130485 /* [CP] Check Pods Manifest.lock */ = {
			isa = PBXShellScriptBuildPhase;
			buildActionMask = 2147483647;
			files = (
			);
			inputPaths = (
				"${PODS_PODFILE_DIR_PATH}/Podfile.lock",
				"${PODS_ROOT}/Manifest.lock",
			);
			name = "[CP] Check Pods Manifest.lock";
			outputPaths = (
				"$(DERIVED_FILE_DIR)/Pods-SideMenuDemo-checkManifestLockResult.txt",
			);
			runOnlyForDeploymentPostprocessing = 0;
			shellPath = /bin/sh;
			shellScript = "diff \"${PODS_PODFILE_DIR_PATH}/Podfile.lock\" \"${PODS_ROOT}/Manifest.lock\" > /dev/null\nif [ $? != 0 ] ; then\n    # print error to STDERR\n    echo \"error: The sandbox is not in sync with the Podfile.lock. Run 'pod install' or update your CocoaPods installation.\" >&2\n    exit 1\nfi\n# This output is used by Xcode 'outputs' to avoid re-running this script phase.\necho \"SUCCESS\" > \"${SCRIPT_OUTPUT_FILE_0}\"\n";
			showEnvVarsInLog = 0;
		};
		339EFB684E346992C50F4906 /* [CP] Copy Pods Resources */ = {
			isa = PBXShellScriptBuildPhase;
			buildActionMask = 2147483647;
			files = (
			);
			inputPaths = (
			);
			name = "[CP] Copy Pods Resources";
			outputPaths = (
			);
			runOnlyForDeploymentPostprocessing = 0;
			shellPath = /bin/sh;
			shellScript = "\"${SRCROOT}/Pods/Target Support Files/Pods-SideMenuDemo/Pods-SideMenuDemo-resources.sh\"\n";
			showEnvVarsInLog = 0;
		};
		816FE558CD35E3A1A228FDB9 /* [CP] Embed Pods Frameworks */ = {
			isa = PBXShellScriptBuildPhase;
			buildActionMask = 2147483647;
			files = (
			);
			inputPaths = (
				"${SRCROOT}/Pods/Target Support Files/Pods-SideMenuDemo/Pods-SideMenuDemo-frameworks.sh",
				"${BUILT_PRODUCTS_DIR}/SideMenu/SideMenu.framework",
			);
			name = "[CP] Embed Pods Frameworks";
			outputPaths = (
				"${TARGET_BUILD_DIR}/${FRAMEWORKS_FOLDER_PATH}/SideMenu.framework",
			);
			runOnlyForDeploymentPostprocessing = 0;
			shellPath = /bin/sh;
			shellScript = "\"${SRCROOT}/Pods/Target Support Files/Pods-SideMenuDemo/Pods-SideMenuDemo-frameworks.sh\"\n";
			showEnvVarsInLog = 0;
		};
/* End PBXShellScriptBuildPhase section */

/* Begin PBXSourcesBuildPhase section */
		30F1CD5B213506CE00CCD6D2 /* Sources */ = {
			isa = PBXSourcesBuildPhase;
			buildActionMask = 2147483647;
			files = (
				30F1CD65213506D000CCD6D2 /* ViewController.swift in Sources */,
				30092600213524F40094AD70 /* NextViewController.swift in Sources */,
				30F1CD812135151F00CCD6D2 /* SideMenuViewController.swift in Sources */,
				30F1CD63213506D000CCD6D2 /* AppDelegate.swift in Sources */,
			);
			runOnlyForDeploymentPostprocessing = 0;
		};
/* End PBXSourcesBuildPhase section */

/* Begin PBXVariantGroup section */
		30F1CD66213506D000CCD6D2 /* Main.storyboard */ = {
			isa = PBXVariantGroup;
			children = (
				30F1CD67213506D000CCD6D2 /* Base */,
			);
			name = Main.storyboard;
			sourceTree = "<group>";
		};
		30F1CD6B213506D000CCD6D2 /* LaunchScreen.storyboard */ = {
			isa = PBXVariantGroup;
			children = (
				30F1CD6C213506D000CCD6D2 /* Base */,
			);
			name = LaunchScreen.storyboard;
			sourceTree = "<group>";
		};
/* End PBXVariantGroup section */

/* Begin XCBuildConfiguration section */
		30F1CD6F213506D000CCD6D2 /* Debug */ = {
			isa = XCBuildConfiguration;
			buildSettings = {
				ALWAYS_SEARCH_USER_PATHS = NO;
				CLANG_ANALYZER_NONNULL = YES;
				CLANG_ANALYZER_NUMBER_OBJECT_CONVERSION = YES_AGGRESSIVE;
				CLANG_CXX_LANGUAGE_STANDARD = "gnu++14";
				CLANG_CXX_LIBRARY = "libc++";
				CLANG_ENABLE_MODULES = YES;
				CLANG_ENABLE_OBJC_ARC = YES;
				CLANG_WARN_BLOCK_CAPTURE_AUTORELEASING = YES;
				CLANG_WARN_BOOL_CONVERSION = YES;
				CLANG_WARN_COMMA = YES;
				CLANG_WARN_CONSTANT_CONVERSION = YES;
				CLANG_WARN_DIRECT_OBJC_ISA_USAGE = YES_ERROR;
				CLANG_WARN_DOCUMENTATION_COMMENTS = YES;
				CLANG_WARN_EMPTY_BODY = YES;
				CLANG_WARN_ENUM_CONVERSION = YES;
				CLANG_WARN_INFINITE_RECURSION = YES;
				CLANG_WARN_INT_CONVERSION = YES;
				CLANG_WARN_NON_LITERAL_NULL_CONVERSION = YES;
				CLANG_WARN_OBJC_LITERAL_CONVERSION = YES;
				CLANG_WARN_OBJC_ROOT_CLASS = YES_ERROR;
				CLANG_WARN_RANGE_LOOP_ANALYSIS = YES;
				CLANG_WARN_STRICT_PROTOTYPES = YES;
				CLANG_WARN_SUSPICIOUS_MOVE = YES;
				CLANG_WARN_UNGUARDED_AVAILABILITY = YES_AGGRESSIVE;
				CLANG_WARN_UNREACHABLE_CODE = YES;
				CLANG_WARN__DUPLICATE_METHOD_MATCH = YES;
				CODE_SIGN_IDENTITY = "iPhone Developer";
				COPY_PHASE_STRIP = NO;
				DEBUG_INFORMATION_FORMAT = dwarf;
				ENABLE_STRICT_OBJC_MSGSEND = YES;
				ENABLE_TESTABILITY = YES;
				GCC_C_LANGUAGE_STANDARD = gnu11;
				GCC_DYNAMIC_NO_PIC = NO;
				GCC_NO_COMMON_BLOCKS = YES;
				GCC_OPTIMIZATION_LEVEL = 0;
				GCC_PREPROCESSOR_DEFINITIONS = (
					"DEBUG=1",
					"$(inherited)",
				);
				GCC_WARN_64_TO_32_BIT_CONVERSION = YES;
				GCC_WARN_ABOUT_RETURN_TYPE = YES_ERROR;
				GCC_WARN_UNDECLARED_SELECTOR = YES;
				GCC_WARN_UNINITIALIZED_AUTOS = YES_AGGRESSIVE;
				GCC_WARN_UNUSED_FUNCTION = YES;
				GCC_WARN_UNUSED_VARIABLE = YES;
				IPHONEOS_DEPLOYMENT_TARGET = 11.2;
				MTL_ENABLE_DEBUG_INFO = YES;
				ONLY_ACTIVE_ARCH = YES;
				SDKROOT = iphoneos;
				SWIFT_ACTIVE_COMPILATION_CONDITIONS = DEBUG;
				SWIFT_OPTIMIZATION_LEVEL = "-Onone";
			};
			name = Debug;
		};
		30F1CD70213506D000CCD6D2 /* Release */ = {
			isa = XCBuildConfiguration;
			buildSettings = {
				ALWAYS_SEARCH_USER_PATHS = NO;
				CLANG_ANALYZER_NONNULL = YES;
				CLANG_ANALYZER_NUMBER_OBJECT_CONVERSION = YES_AGGRESSIVE;
				CLANG_CXX_LANGUAGE_STANDARD = "gnu++14";
				CLANG_CXX_LIBRARY = "libc++";
				CLANG_ENABLE_MODULES = YES;
				CLANG_ENABLE_OBJC_ARC = YES;
				CLANG_WARN_BLOCK_CAPTURE_AUTORELEASING = YES;
				CLANG_WARN_BOOL_CONVERSION = YES;
				CLANG_WARN_COMMA = YES;
				CLANG_WARN_CONSTANT_CONVERSION = YES;
				CLANG_WARN_DIRECT_OBJC_ISA_USAGE = YES_ERROR;
				CLANG_WARN_DOCUMENTATION_COMMENTS = YES;
				CLANG_WARN_EMPTY_BODY = YES;
				CLANG_WARN_ENUM_CONVERSION = YES;
				CLANG_WARN_INFINITE_RECURSION = YES;
				CLANG_WARN_INT_CONVERSION = YES;
				CLANG_WARN_NON_LITERAL_NULL_CONVERSION = YES;
				CLANG_WARN_OBJC_LITERAL_CONVERSION = YES;
				CLANG_WARN_OBJC_ROOT_CLASS = YES_ERROR;
				CLANG_WARN_RANGE_LOOP_ANALYSIS = YES;
				CLANG_WARN_STRICT_PROTOTYPES = YES;
				CLANG_WARN_SUSPICIOUS_MOVE = YES;
				CLANG_WARN_UNGUARDED_AVAILABILITY = YES_AGGRESSIVE;
				CLANG_WARN_UNREACHABLE_CODE = YES;
				CLANG_WARN__DUPLICATE_METHOD_MATCH = YES;
				CODE_SIGN_IDENTITY = "iPhone Developer";
				COPY_PHASE_STRIP = NO;
				DEBUG_INFORMATION_FORMAT = "dwarf-with-dsym";
				ENABLE_NS_ASSERTIONS = NO;
				ENABLE_STRICT_OBJC_MSGSEND = YES;
				GCC_C_LANGUAGE_STANDARD = gnu11;
				GCC_NO_COMMON_BLOCKS = YES;
				GCC_WARN_64_TO_32_BIT_CONVERSION = YES;
				GCC_WARN_ABOUT_RETURN_TYPE = YES_ERROR;
				GCC_WARN_UNDECLARED_SELECTOR = YES;
				GCC_WARN_UNINITIALIZED_AUTOS = YES_AGGRESSIVE;
				GCC_WARN_UNUSED_FUNCTION = YES;
				GCC_WARN_UNUSED_VARIABLE = YES;
				IPHONEOS_DEPLOYMENT_TARGET = 11.2;
				MTL_ENABLE_DEBUG_INFO = NO;
				SDKROOT = iphoneos;
				SWIFT_OPTIMIZATION_LEVEL = "-Owholemodule";
				VALIDATE_PRODUCT = YES;
			};
			name = Release;
		};
		30F1CD72213506D000CCD6D2 /* Debug */ = {
			isa = XCBuildConfiguration;
			baseConfigurationReference = 5BAE3D8E547672C69C819795 /* Pods-SideMenuDemo.debug.xcconfig */;
			buildSettings = {
				ASSETCATALOG_COMPILER_APPICON_NAME = AppIcon;
				CODE_SIGN_STYLE = Automatic;
				DEVELOPMENT_TEAM = EUJ76RR773;
				INFOPLIST_FILE = SideMenuDemo/Info.plist;
				LD_RUNPATH_SEARCH_PATHS = "$(inherited) @executable_path/Frameworks";
				PRODUCT_BUNDLE_IDENTIFIER = com.SideMenuDemo;
				PRODUCT_NAME = "$(TARGET_NAME)";
				SWIFT_VERSION = 4.0;
				TARGETED_DEVICE_FAMILY = "1,2";
			};
			name = Debug;
		};
		30F1CD73213506D000CCD6D2 /* Release */ = {
			isa = XCBuildConfiguration;
			baseConfigurationReference = 747F8297DFE5DCC594F89B21 /* Pods-SideMenuDemo.release.xcconfig */;
			buildSettings = {
				ASSETCATALOG_COMPILER_APPICON_NAME = AppIcon;
				CODE_SIGN_STYLE = Automatic;
				DEVELOPMENT_TEAM = EUJ76RR773;
				INFOPLIST_FILE = SideMenuDemo/Info.plist;
				LD_RUNPATH_SEARCH_PATHS = "$(inherited) @executable_path/Frameworks";
				PRODUCT_BUNDLE_IDENTIFIER = com.SideMenuDemo;
				PRODUCT_NAME = "$(TARGET_NAME)";
				SWIFT_VERSION = 4.0;
				TARGETED_DEVICE_FAMILY = "1,2";
			};
			name = Release;
		};
/* End XCBuildConfiguration section */

/* Begin XCConfigurationList section */
		30F1CD5A213506CE00CCD6D2 /* Build configuration list for PBXProject "SideMenuDemo" */ = {
			isa = XCConfigurationList;
			buildConfigurations = (
				30F1CD6F213506D000CCD6D2 /* Debug */,
				30F1CD70213506D000CCD6D2 /* Release */,
			);
			defaultConfigurationIsVisible = 0;
			defaultConfigurationName = Release;
		};
		30F1CD71213506D000CCD6D2 /* Build configuration list for PBXNativeTarget "SideMenuDemo" */ = {
			isa = XCConfigurationList;
			buildConfigurations = (
				30F1CD72213506D000CCD6D2 /* Debug */,
				30F1CD73213506D000CCD6D2 /* Release */,
			);
			defaultConfigurationIsVisible = 0;
			defaultConfigurationName = Release;
		};
/* End XCConfigurationList section */
	};
	rootObject = 30F1CD57213506CE00CCD6D2 /* Project object */;
}
